// !$*UTF8*$!
{
	archiveVersion = 1;
	classes = {
	};
	objectVersion = 50;
	objects = {

/* Begin PBXBuildFile section */
		B75359C2222F69AC00847480 /* AppDelegate.swift in Sources */ = {isa = PBXBuildFile; fileRef = B75359C1222F69AC00847480 /* AppDelegate.swift */; };
		B75359C4222F69AC00847480 /* ViewController.swift in Sources */ = {isa = PBXBuildFile; fileRef = B75359C3222F69AC00847480 /* ViewController.swift */; };
		B75359C7222F69AC00847480 /* Main.storyboard in Resources */ = {isa = PBXBuildFile; fileRef = B75359C5222F69AC00847480 /* Main.storyboard */; };
		B75359C9222F69AE00847480 /* Assets.xcassets in Resources */ = {isa = PBXBuildFile; fileRef = B75359C8222F69AE00847480 /* Assets.xcassets */; };
		B75359CC222F69AE00847480 /* LaunchScreen.storyboard in Resources */ = {isa = PBXBuildFile; fileRef = B75359CA222F69AE00847480 /* LaunchScreen.storyboard */; };
		B75359D7222F69AF00847480 /* MADconTests.swift in Sources */ = {isa = PBXBuildFile; fileRef = B75359D6222F69AF00847480 /* MADconTests.swift */; };
		B75359E2222F69AF00847480 /* MADconUITests.swift in Sources */ = {isa = PBXBuildFile; fileRef = B75359E1222F69AF00847480 /* MADconUITests.swift */; };
/* End PBXBuildFile section */

/* Begin PBXContainerItemProxy section */
		B75359D3222F69AF00847480 /* PBXContainerItemProxy */ = {
			isa = PBXContainerItemProxy;
			containerPortal = B75359B6222F69AC00847480 /* Project object */;
			proxyType = 1;
			remoteGlobalIDString = B75359BD222F69AC00847480;
			remoteInfo = MADcon;
		};
		B75359DE222F69AF00847480 /* PBXContainerItemProxy */ = {
			isa = PBXContainerItemProxy;
			containerPortal = B75359B6222F69AC00847480 /* Project object */;
			proxyType = 1;
			remoteGlobalIDString = B75359BD222F69AC00847480;
			remoteInfo = MADcon;
		};
/* End PBXContainerItemProxy section */

/* Begin PBXFileReference section */
		B75359BE222F69AC00847480 /* MADcon.app */ = {isa = PBXFileReference; explicitFileType = wrapper.application; includeInIndex = 0; path = MADcon.app; sourceTree = BUILT_PRODUCTS_DIR; };
		B75359C1222F69AC00847480 /* AppDelegate.swift */ = {isa = PBXFileReference; lastKnownFileType = sourcecode.swift; path = AppDelegate.swift; sourceTree = "<group>"; };
		B75359C3222F69AC00847480 /* ViewController.swift */ = {isa = PBXFileReference; lastKnownFileType = sourcecode.swift; path = ViewController.swift; sourceTree = "<group>"; };
		B75359C6222F69AC00847480 /* Base */ = {isa = PBXFileReference; lastKnownFileType = file.storyboard; name = Base; path = Base.lproj/Main.storyboard; sourceTree = "<group>"; };
		B75359C8222F69AE00847480 /* Assets.xcassets */ = {isa = PBXFileReference; lastKnownFileType = folder.assetcatalog; path = Assets.xcassets; sourceTree = "<group>"; };
		B75359CB222F69AE00847480 /* Base */ = {isa = PBXFileReference; lastKnownFileType = file.storyboard; name = Base; path = Base.lproj/LaunchScreen.storyboard; sourceTree = "<group>"; };
		B75359CD222F69AE00847480 /* Info.plist */ = {isa = PBXFileReference; lastKnownFileType = text.plist.xml; path = Info.plist; sourceTree = "<group>"; };
		B75359D2222F69AF00847480 /* MADconTests.xctest */ = {isa = PBXFileReference; explicitFileType = wrapper.cfbundle; includeInIndex = 0; path = MADconTests.xctest; sourceTree = BUILT_PRODUCTS_DIR; };
		B75359D6222F69AF00847480 /* MADconTests.swift */ = {isa = PBXFileReference; lastKnownFileType = sourcecode.swift; path = MADconTests.swift; sourceTree = "<group>"; };
		B75359D8222F69AF00847480 /* Info.plist */ = {isa = PBXFileReference; lastKnownFileType = text.plist.xml; path = Info.plist; sourceTree = "<group>"; };
		B75359DD222F69AF00847480 /* MADconUITests.xctest */ = {isa = PBXFileReference; explicitFileType = wrapper.cfbundle; includeInIndex = 0; path = MADconUITests.xctest; sourceTree = BUILT_PRODUCTS_DIR; };
		B75359E1222F69AF00847480 /* MADconUITests.swift */ = {isa = PBXFileReference; lastKnownFileType = sourcecode.swift; path = MADconUITests.swift; sourceTree = "<group>"; };
		B75359E3222F69AF00847480 /* Info.plist */ = {isa = PBXFileReference; lastKnownFileType = text.plist.xml; path = Info.plist; sourceTree = "<group>"; };
/* End PBXFileReference section */

/* Begin PBXFrameworksBuildPhase section */
		B75359BB222F69AC00847480 /* Frameworks */ = {
			isa = PBXFrameworksBuildPhase;
			buildActionMask = 2147483647;
			files = (
			);
			runOnlyForDeploymentPostprocessing = 0;
		};
		B75359CF222F69AF00847480 /* Frameworks */ = {
			isa = PBXFrameworksBuildPhase;
			buildActionMask = 2147483647;
			files = (
			);
			runOnlyForDeploymentPostprocessing = 0;
		};
		B75359DA222F69AF00847480 /* Frameworks */ = {
			isa = PBXFrameworksBuildPhase;
			buildActionMask = 2147483647;
			files = (
			);
			runOnlyForDeploymentPostprocessing = 0;
		};
/* End PBXFrameworksBuildPhase section */

/* Begin PBXGroup section */
		B75359B5222F69AC00847480 = {
			isa = PBXGroup;
			children = (
				B75359C0222F69AC00847480 /* MADcon */,
				B75359D5222F69AF00847480 /* MADconTests */,
				B75359E0222F69AF00847480 /* MADconUITests */,
				B75359BF222F69AC00847480 /* Products */,
			);
			sourceTree = "<group>";
		};
		B75359BF222F69AC00847480 /* Products */ = {
			isa = PBXGroup;
			children = (
				B75359BE222F69AC00847480 /* MADcon.app */,
				B75359D2222F69AF00847480 /* MADconTests.xctest */,
				B75359DD222F69AF00847480 /* MADconUITests.xctest */,
			);
			name = Products;
			sourceTree = "<group>";
		};
		B75359C0222F69AC00847480 /* MADcon */ = {
			isa = PBXGroup;
			children = (
				B75359C1222F69AC00847480 /* AppDelegate.swift */,
				B75359C3222F69AC00847480 /* ViewController.swift */,
				B75359C5222F69AC00847480 /* Main.storyboard */,
				B75359C8222F69AE00847480 /* Assets.xcassets */,
				B75359CA222F69AE00847480 /* LaunchScreen.storyboard */,
				B75359CD222F69AE00847480 /* Info.plist */,
			);
			path = MADcon;
			sourceTree = "<group>";
		};
		B75359D5222F69AF00847480 /* MADconTests */ = {
			isa = PBXGroup;
			children = (
				B75359D6222F69AF00847480 /* MADconTests.swift */,
				B75359D8222F69AF00847480 /* Info.plist */,
			);
			path = MADconTests;
			sourceTree = "<group>";
		};
		B75359E0222F69AF00847480 /* MADconUITests */ = {
			isa = PBXGroup;
			children = (
				B75359E1222F69AF00847480 /* MADconUITests.swift */,
				B75359E3222F69AF00847480 /* Info.plist */,
			);
			path = MADconUITests;
			sourceTree = "<group>";
		};
/* End PBXGroup section */

/* Begin PBXNativeTarget section */
		B75359BD222F69AC00847480 /* MADcon */ = {
			isa = PBXNativeTarget;
			buildConfigurationList = B75359E6222F69AF00847480 /* Build configuration list for PBXNativeTarget "MADcon" */;
			buildPhases = (
				B75359BA222F69AC00847480 /* Sources */,
				B75359BB222F69AC00847480 /* Frameworks */,
				B75359BC222F69AC00847480 /* Resources */,
			);
			buildRules = (
			);
			dependencies = (
			);
			name = MADcon;
			productName = MADcon;
			productReference = B75359BE222F69AC00847480 /* MADcon.app */;
			productType = "com.apple.product-type.application";
		};
		B75359D1222F69AF00847480 /* MADconTests */ = {
			isa = PBXNativeTarget;
			buildConfigurationList = B75359E9222F69AF00847480 /* Build configuration list for PBXNativeTarget "MADconTests" */;
			buildPhases = (
				B75359CE222F69AF00847480 /* Sources */,
				B75359CF222F69AF00847480 /* Frameworks */,
				B75359D0222F69AF00847480 /* Resources */,
			);
			buildRules = (
			);
			dependencies = (
				B75359D4222F69AF00847480 /* PBXTargetDependency */,
			);
			name = MADconTests;
			productName = MADconTests;
			productReference = B75359D2222F69AF00847480 /* MADconTests.xctest */;
			productType = "com.apple.product-type.bundle.unit-test";
		};
		B75359DC222F69AF00847480 /* MADconUITests */ = {
			isa = PBXNativeTarget;
			buildConfigurationList = B75359EC222F69AF00847480 /* Build configuration list for PBXNativeTarget "MADconUITests" */;
			buildPhases = (
				B75359D9222F69AF00847480 /* Sources */,
				B75359DA222F69AF00847480 /* Frameworks */,
				B75359DB222F69AF00847480 /* Resources */,
			);
			buildRules = (
			);
			dependencies = (
				B75359DF222F69AF00847480 /* PBXTargetDependency */,
			);
			name = MADconUITests;
			productName = MADconUITests;
			productReference = B75359DD222F69AF00847480 /* MADconUITests.xctest */;
			productType = "com.apple.product-type.bundle.ui-testing";
		};
/* End PBXNativeTarget section */

/* Begin PBXProject section */
		B75359B6222F69AC00847480 /* Project object */ = {
			isa = PBXProject;
			attributes = {
				LastSwiftUpdateCheck = 1010;
				LastUpgradeCheck = 1010;
				ORGANIZATIONNAME = "Will Xu ";
				TargetAttributes = {
					B75359BD222F69AC00847480 = {
						CreatedOnToolsVersion = 10.1;
					};
					B75359D1222F69AF00847480 = {
						CreatedOnToolsVersion = 10.1;
						TestTargetID = B75359BD222F69AC00847480;
					};
					B75359DC222F69AF00847480 = {
						CreatedOnToolsVersion = 10.1;
						TestTargetID = B75359BD222F69AC00847480;
					};
				};
			};
			buildConfigurationList = B75359B9222F69AC00847480 /* Build configuration list for PBXProject "MADcon" */;
			compatibilityVersion = "Xcode 9.3";
			developmentRegion = en;
			hasScannedForEncodings = 0;
			knownRegions = (
				en,
				Base,
			);
			mainGroup = B75359B5222F69AC00847480;
			productRefGroup = B75359BF222F69AC00847480 /* Products */;
			projectDirPath = "";
			projectRoot = "";
			targets = (
				B75359BD222F69AC00847480 /* MADcon */,
				B75359D1222F69AF00847480 /* MADconTests */,
				B75359DC222F69AF00847480 /* MADconUITests */,
			);
		};
/* End PBXProject section */

/* Begin PBXResourcesBuildPhase section */
		B75359BC222F69AC00847480 /* Resources */ = {
			isa = PBXResourcesBuildPhase;
			buildActionMask = 2147483647;
			files = (
				B75359CC222F69AE00847480 /* LaunchScreen.storyboard in Resources */,
				B75359C9222F69AE00847480 /* Assets.xcassets in Resources */,
				B75359C7222F69AC00847480 /* Main.storyboard in Resources */,
			);
			runOnlyForDeploymentPostprocessing = 0;
		};
		B75359D0222F69AF00847480 /* Resources */ = {
			isa = PBXResourcesBuildPhase;
			buildActionMask = 2147483647;
			files = (
			);
			runOnlyForDeploymentPostprocessing = 0;
		};
		B75359DB222F69AF00847480 /* Resources */ = {
			isa = PBXResourcesBuildPhase;
			buildActionMask = 2147483647;
			files = (
			);
			runOnlyForDeploymentPostprocessing = 0;
		};
/* End PBXResourcesBuildPhase section */

/* Begin PBXSourcesBuildPhase section */
		B75359BA222F69AC00847480 /* Sources */ = {
			isa = PBXSourcesBuildPhase;
			buildActionMask = 2147483647;
			files = (
				B75359C4222F69AC00847480 /* ViewController.swift in Sources */,
				B75359C2222F69AC00847480 /* AppDelegate.swift in Sources */,
			);
			runOnlyForDeploymentPostprocessing = 0;
		};
		B75359CE222F69AF00847480 /* Sources */ = {
			isa = PBXSourcesBuildPhase;
			buildActionMask = 2147483647;
			files = (
				B75359D7222F69AF00847480 /* MADconTests.swift in Sources */,
			);
			runOnlyForDeploymentPostprocessing = 0;
		};
		B75359D9222F69AF00847480 /* Sources */ = {
			isa = PBXSourcesBuildPhase;
			buildActionMask = 2147483647;
			files = (
				B75359E2222F69AF00847480 /* MADconUITests.swift in Sources */,
			);
			runOnlyForDeploymentPostprocessing = 0;
		};
/* End PBXSourcesBuildPhase section */

/* Begin PBXTargetDependency section */
		B75359D4222F69AF00847480 /* PBXTargetDependency */ = {
			isa = PBXTargetDependency;
			target = B75359BD222F69AC00847480 /* MADcon */;
			targetProxy = B75359D3222F69AF00847480 /* PBXContainerItemProxy */;
		};
		B75359DF222F69AF00847480 /* PBXTargetDependency */ = {
			isa = PBXTargetDependency;
			target = B75359BD222F69AC00847480 /* MADcon */;
			targetProxy = B75359DE222F69AF00847480 /* PBXContainerItemProxy */;
		};
/* End PBXTargetDependency section */

/* Begin PBXVariantGroup section */
		B75359C5222F69AC00847480 /* Main.storyboard */ = {
			isa = PBXVariantGroup;
			children = (
				B75359C6222F69AC00847480 /* Base */,
			);
			name = Main.storyboard;
			sourceTree = "<group>";
		};
		B75359CA222F69AE00847480 /* LaunchScreen.storyboard */ = {
			isa = PBXVariantGroup;
			children = (
				B75359CB222F69AE00847480 /* Base */,
			);
			name = LaunchScreen.storyboard;
			sourceTree = "<group>";
		};
/* End PBXVariantGroup section */

/* Begin XCBuildConfiguration section */
		B75359E4222F69AF00847480 /* Debug */ = {
			isa = XCBuildConfiguration;
			buildSettings = {
				ALWAYS_SEARCH_USER_PATHS = NO;
				CLANG_ANALYZER_NONNULL = YES;
				CLANG_ANALYZER_NUMBER_OBJECT_CONVERSION = YES_AGGRESSIVE;
				CLANG_CXX_LANGUAGE_STANDARD = "gnu++14";
				CLANG_CXX_LIBRARY = "libc++";
				CLANG_ENABLE_MODULES = YES;
				CLANG_ENABLE_OBJC_ARC = YES;
				CLANG_ENABLE_OBJC_WEAK = YES;
				CLANG_WARN_BLOCK_CAPTURE_AUTORELEASING = YES;
				CLANG_WARN_BOOL_CONVERSION = YES;
				CLANG_WARN_COMMA = YES;
				CLANG_WARN_CONSTANT_CONVERSION = YES;
				CLANG_WARN_DEPRECATED_OBJC_IMPLEMENTATIONS = YES;
				CLANG_WARN_DIRECT_OBJC_ISA_USAGE = YES_ERROR;
				CLANG_WARN_DOCUMENTATION_COMMENTS = YES;
				CLANG_WARN_EMPTY_BODY = YES;
				CLANG_WARN_ENUM_CONVERSION = YES;
				CLANG_WARN_INFINITE_RECURSION = YES;
				CLANG_WARN_INT_CONVERSION = YES;
				CLANG_WARN_NON_LITERAL_NULL_CONVERSION = YES;
				CLANG_WARN_OBJC_IMPLICIT_RETAIN_SELF = YES;
				CLANG_WARN_OBJC_LITERAL_CONVERSION = YES;
				CLANG_WARN_OBJC_ROOT_CLASS = YES_ERROR;
				CLANG_WARN_RANGE_LOOP_ANALYSIS = YES;
				CLANG_WARN_STRICT_PROTOTYPES = YES;
				CLANG_WARN_SUSPICIOUS_MOVE = YES;
				CLANG_WARN_UNGUARDED_AVAILABILITY = YES_AGGRESSIVE;
				CLANG_WARN_UNREACHABLE_CODE = YES;
				CLANG_WARN__DUPLICATE_METHOD_MATCH = YES;
				CODE_SIGN_IDENTITY = "iPhone Developer";
				COPY_PHASE_STRIP = NO;
				DEBUG_INFORMATION_FORMAT = dwarf;
				ENABLE_STRICT_OBJC_MSGSEND = YES;
				ENABLE_TESTABILITY = YES;
				GCC_C_LANGUAGE_STANDARD = gnu11;
				GCC_DYNAMIC_NO_PIC = NO;
				GCC_NO_COMMON_BLOCKS = YES;
				GCC_OPTIMIZATION_LEVEL = 0;
				GCC_PREPROCESSOR_DEFINITIONS = (
					"DEBUG=1",
					"$(inherited)",
				);
				GCC_WARN_64_TO_32_BIT_CONVERSION = YES;
				GCC_WARN_ABOUT_RETURN_TYPE = YES_ERROR;
				GCC_WARN_UNDECLARED_SELECTOR = YES;
				GCC_WARN_UNINITIALIZED_AUTOS = YES_AGGRESSIVE;
				GCC_WARN_UNUSED_FUNCTION = YES;
				GCC_WARN_UNUSED_VARIABLE = YES;
				IPHONEOS_DEPLOYMENT_TARGET = 12.1;
				MTL_ENABLE_DEBUG_INFO = INCLUDE_SOURCE;
				MTL_FAST_MATH = YES;
				ONLY_ACTIVE_ARCH = YES;
				SDKROOT = iphoneos;
				SWIFT_ACTIVE_COMPILATION_CONDITIONS = DEBUG;
				SWIFT_OPTIMIZATION_LEVEL = "-Onone";
			};
			name = Debug;
		};
		B75359E5222F69AF00847480 /* Release */ = {
			isa = XCBuildConfiguration;
			buildSettings = {
				ALWAYS_SEARCH_USER_PATHS = NO;
				CLANG_ANALYZER_NONNULL = YES;
				CLANG_ANALYZER_NUMBER_OBJECT_CONVERSION = YES_AGGRESSIVE;
				CLANG_CXX_LANGUAGE_STANDARD = "gnu++14";
				CLANG_CXX_LIBRARY = "libc++";
				CLANG_ENABLE_MODULES = YES;
				CLANG_ENABLE_OBJC_ARC = YES;
				CLANG_ENABLE_OBJC_WEAK = YES;
				CLANG_WARN_BLOCK_CAPTURE_AUTORELEASING = YES;
				CLANG_WARN_BOOL_CONVERSION = YES;
				CLANG_WARN_COMMA = YES;
				CLANG_WARN_CONSTANT_CONVERSION = YES;
				CLANG_WARN_DEPRECATED_OBJC_IMPLEMENTATIONS = YES;
				CLANG_WARN_DIRECT_OBJC_ISA_USAGE = YES_ERROR;
				CLANG_WARN_DOCUMENTATION_COMMENTS = YES;
				CLANG_WARN_EMPTY_BODY = YES;
				CLANG_WARN_ENUM_CONVERSION = YES;
				CLANG_WARN_INFINITE_RECURSION = YES;
				CLANG_WARN_INT_CONVERSION = YES;
				CLANG_WARN_NON_LITERAL_NULL_CONVERSION = YES;
				CLANG_WARN_OBJC_IMPLICIT_RETAIN_SELF = YES;
				CLANG_WARN_OBJC_LITERAL_CONVERSION = YES;
				CLANG_WARN_OBJC_ROOT_CLASS = YES_ERROR;
				CLANG_WARN_RANGE_LOOP_ANALYSIS = YES;
				CLANG_WARN_STRICT_PROTOTYPES = YES;
				CLANG_WARN_SUSPICIOUS_MOVE = YES;
				CLANG_WARN_UNGUARDED_AVAILABILITY = YES_AGGRESSIVE;
				CLANG_WARN_UNREACHABLE_CODE = YES;
				CLANG_WARN__DUPLICATE_METHOD_MATCH = YES;
				CODE_SIGN_IDENTITY = "iPhone Developer";
				COPY_PHASE_STRIP = NO;
				DEBUG_INFORMATION_FORMAT = "dwarf-with-dsym";
				ENABLE_NS_ASSERTIONS = NO;
				ENABLE_STRICT_OBJC_MSGSEND = YES;
				GCC_C_LANGUAGE_STANDARD = gnu11;
				GCC_NO_COMMON_BLOCKS = YES;
				GCC_WARN_64_TO_32_BIT_CONVERSION = YES;
				GCC_WARN_ABOUT_RETURN_TYPE = YES_ERROR;
				GCC_WARN_UNDECLARED_SELECTOR = YES;
				GCC_WARN_UNINITIALIZED_AUTOS = YES_AGGRESSIVE;
				GCC_WARN_UNUSED_FUNCTION = YES;
				GCC_WARN_UNUSED_VARIABLE = YES;
				IPHONEOS_DEPLOYMENT_TARGET = 12.1;
				MTL_ENABLE_DEBUG_INFO = NO;
				MTL_FAST_MATH = YES;
				SDKROOT = iphoneos;
				SWIFT_COMPILATION_MODE = wholemodule;
				SWIFT_OPTIMIZATION_LEVEL = "-O";
				VALIDATE_PRODUCT = YES;
			};
			name = Release;
		};
		B75359E7222F69AF00847480 /* Debug */ = {
			isa = XCBuildConfiguration;
			buildSettings = {
				ASSETCATALOG_COMPILER_APPICON_NAME = AppIcon;
				CODE_SIGN_STYLE = Automatic;
				DEVELOPMENT_TEAM = 6JP3MMS6QY;
				INFOPLIST_FILE = MADcon/Info.plist;
				LD_RUNPATH_SEARCH_PATHS = (
					"$(inherited)",
					"@executable_path/Frameworks",
				);
				PRODUCT_BUNDLE_IDENTIFIER = com.williamx98.MADcon;
				PRODUCT_NAME = "$(TARGET_NAME)";
				SWIFT_VERSION = 4.2;
				TARGETED_DEVICE_FAMILY = "1,2";
			};
			name = Debug;
		};
		B75359E8222F69AF00847480 /* Release */ = {
			isa = XCBuildConfiguration;
			buildSettings = {
				ASSETCATALOG_COMPILER_APPICON_NAME = AppIcon;
				CODE_SIGN_STYLE = Automatic;
				DEVELOPMENT_TEAM = 6JP3MMS6QY;
				INFOPLIST_FILE = MADcon/Info.plist;
				LD_RUNPATH_SEARCH_PATHS = (
					"$(inherited)",
					"@executable_path/Frameworks",
				);
				PRODUCT_BUNDLE_IDENTIFIER = com.williamx98.MADcon;
				PRODUCT_NAME = "$(TARGET_NAME)";
				SWIFT_VERSION = 4.2;
				TARGETED_DEVICE_FAMILY = "1,2";
			};
			name = Release;
		};
		B75359EA222F69AF00847480 /* Debug */ = {
			isa = XCBuildConfiguration;
			buildSettings = {
				ALWAYS_EMBED_SWIFT_STANDARD_LIBRARIES = YES;
				BUNDLE_LOADER = "$(TEST_HOST)";
				CODE_SIGN_STYLE = Automatic;
				DEVELOPMENT_TEAM = 6JP3MMS6QY;
				INFOPLIST_FILE = MADconTests/Info.plist;
				LD_RUNPATH_SEARCH_PATHS = (
					"$(inherited)",
					"@executable_path/Frameworks",
					"@loader_path/Frameworks",
				);
				PRODUCT_BUNDLE_IDENTIFIER = com.williamx98.MADconTests;
				PRODUCT_NAME = "$(TARGET_NAME)";
				SWIFT_VERSION = 4.2;
				TARGETED_DEVICE_FAMILY = "1,2";
				TEST_HOST = "$(BUILT_PRODUCTS_DIR)/MADcon.app/MADcon";
			};
			name = Debug;
		};
		B75359EB222F69AF00847480 /* Release */ = {
			isa = XCBuildConfiguration;
			buildSettings = {
				ALWAYS_EMBED_SWIFT_STANDARD_LIBRARIES = YES;
				BUNDLE_LOADER = "$(TEST_HOST)";
				CODE_SIGN_STYLE = Automatic;
				DEVELOPMENT_TEAM = 6JP3MMS6QY;
				INFOPLIST_FILE = MADconTests/Info.plist;
				LD_RUNPATH_SEARCH_PATHS = (
					"$(inherited)",
					"@executable_path/Frameworks",
					"@loader_path/Frameworks",
				);
				PRODUCT_BUNDLE_IDENTIFIER = com.williamx98.MADconTests;
				PRODUCT_NAME = "$(TARGET_NAME)";
				SWIFT_VERSION = 4.2;
				TARGETED_DEVICE_FAMILY = "1,2";
				TEST_HOST = "$(BUILT_PRODUCTS_DIR)/MADcon.app/MADcon";
			};
			name = Release;
		};
		B75359ED222F69AF00847480 /* Debug */ = {
			isa = XCBuildConfiguration;
			buildSettings = {
				ALWAYS_EMBED_SWIFT_STANDARD_LIBRARIES = YES;
				CODE_SIGN_STYLE = Automatic;
				DEVELOPMENT_TEAM = 6JP3MMS6QY;
				INFOPLIST_FILE = MADconUITests/Info.plist;
				LD_RUNPATH_SEARCH_PATHS = (
					"$(inherited)",
					"@executable_path/Frameworks",
					"@loader_path/Frameworks",
				);
				PRODUCT_BUNDLE_IDENTIFIER = com.williamx98.MADconUITests;
				PRODUCT_NAME = "$(TARGET_NAME)";
				SWIFT_VERSION = 4.2;
				TARGETED_DEVICE_FAMILY = "1,2";
				TEST_TARGET_NAME = MADcon;
			};
			name = Debug;
		};
		B75359EE222F69AF00847480 /* Release */ = {
			isa = XCBuildConfiguration;
			buildSettings = {
				ALWAYS_EMBED_SWIFT_STANDARD_LIBRARIES = YES;
				CODE_SIGN_STYLE = Automatic;
				DEVELOPMENT_TEAM = 6JP3MMS6QY;
				INFOPLIST_FILE = MADconUITests/Info.plist;
				LD_RUNPATH_SEARCH_PATHS = (
					"$(inherited)",
					"@executable_path/Frameworks",
					"@loader_path/Frameworks",
				);
				PRODUCT_BUNDLE_IDENTIFIER = com.williamx98.MADconUITests;
				PRODUCT_NAME = "$(TARGET_NAME)";
				SWIFT_VERSION = 4.2;
				TARGETED_DEVICE_FAMILY = "1,2";
				TEST_TARGET_NAME = MADcon;
			};
			name = Release;
		};
/* End XCBuildConfiguration section */

/* Begin XCConfigurationList section */
		B75359B9222F69AC00847480 /* Build configuration list for PBXProject "MADcon" */ = {
			isa = XCConfigurationList;
			buildConfigurations = (
				B75359E4222F69AF00847480 /* Debug */,
				B75359E5222F69AF00847480 /* Release */,
			);
			defaultConfigurationIsVisible = 0;
			defaultConfigurationName = Release;
		};
		B75359E6222F69AF00847480 /* Build configuration list for PBXNativeTarget "MADcon" */ = {
			isa = XCConfigurationList;
			buildConfigurations = (
				B75359E7222F69AF00847480 /* Debug */,
				B75359E8222F69AF00847480 /* Release */,
			);
			defaultConfigurationIsVisible = 0;
			defaultConfigurationName = Release;
		};
		B75359E9222F69AF00847480 /* Build configuration list for PBXNativeTarget "MADconTests" */ = {
			isa = XCConfigurationList;
			buildConfigurations = (
				B75359EA222F69AF00847480 /* Debug */,
				B75359EB222F69AF00847480 /* Release */,
			);
			defaultConfigurationIsVisible = 0;
			defaultConfigurationName = Release;
		};
		B75359EC222F69AF00847480 /* Build configuration list for PBXNativeTarget "MADconUITests" */ = {
			isa = XCConfigurationList;
			buildConfigurations = (
				B75359ED222F69AF00847480 /* Debug */,
				B75359EE222F69AF00847480 /* Release */,
			);
			defaultConfigurationIsVisible = 0;
			defaultConfigurationName = Release;
		};
/* End XCConfigurationList section */
	};
	rootObject = B75359B6222F69AC00847480 /* Project object */;
}
